// !$*UTF8*$!
{
	archiveVersion = 1;
	classes = {
	};
	objectVersion = 46;
	objects = {

/* Begin PBXBuildFile section */
		1EE357411CEEF31F0028D4D7 /* GoogleService-Info.plist in Resources */ = {isa = PBXBuildFile; fileRef = 1EE357401CEEF31F0028D4D7 /* GoogleService-Info.plist */; };
		BE0DDA831C796CAF00B369E0 /* BatteryViewController.swift in Sources */ = {isa = PBXBuildFile; fileRef = BE0DDA821C796CAF00B369E0 /* BatteryViewController.swift */; };
		BE2F0AC01C786D4A00A0CA63 /* Images.xcassets in Resources */ = {isa = PBXBuildFile; fileRef = BE2F0ABF1C786D4A00A0CA63 /* Images.xcassets */; };
		BE2F0AC21C78740500A0CA63 /* AboutViewController.swift in Sources */ = {isa = PBXBuildFile; fileRef = BE2F0AC11C78740500A0CA63 /* AboutViewController.swift */; };
		BE3078B41C38272500B007EA /* AppDelegate.swift in Sources */ = {isa = PBXBuildFile; fileRef = BE3078B31C38272500B007EA /* AppDelegate.swift */; };
		BE3078B61C38272500B007EA /* ViewController.swift in Sources */ = {isa = PBXBuildFile; fileRef = BE3078B51C38272500B007EA /* ViewController.swift */; };
		BE3078B91C38272500B007EA /* Main.storyboard in Resources */ = {isa = PBXBuildFile; fileRef = BE3078B71C38272500B007EA /* Main.storyboard */; };
		BE3078BE1C38272500B007EA /* LaunchScreen.storyboard in Resources */ = {isa = PBXBuildFile; fileRef = BE3078BC1C38272500B007EA /* LaunchScreen.storyboard */; };
		BE3078C91C38272500B007EA /* Gank_luTests.swift in Sources */ = {isa = PBXBuildFile; fileRef = BE3078C81C38272500B007EA /* Gank_luTests.swift */; };
		BE3078D41C38272500B007EA /* Gank_luUITests.swift in Sources */ = {isa = PBXBuildFile; fileRef = BE3078D31C38272500B007EA /* Gank_luUITests.swift */; };
		BE30A24F1C7F49CB0072C1B2 /* BeautyCell.swift in Sources */ = {isa = PBXBuildFile; fileRef = BE30A24D1C7F49CB0072C1B2 /* BeautyCell.swift */; };
		BE30A2501C7F49CB0072C1B2 /* BeautyCell.xib in Resources */ = {isa = PBXBuildFile; fileRef = BE30A24E1C7F49CB0072C1B2 /* BeautyCell.xib */; };
		BEA575CD1C75765900696093 /* GankCell.swift in Sources */ = {isa = PBXBuildFile; fileRef = BEA575CC1C75765900696093 /* GankCell.swift */; };
		BEA575CF1C75A22C00696093 /* DateUtil.swift in Sources */ = {isa = PBXBuildFile; fileRef = BEA575CE1C75A22C00696093 /* DateUtil.swift */; };
		BEA575D21C75ADE600696093 /* ToastUtil.swift in Sources */ = {isa = PBXBuildFile; fileRef = BEA575D11C75ADE600696093 /* ToastUtil.swift */; };
		BEAA9C7C1C8049AE00DD7EAD /* CategoryViewController.swift in Sources */ = {isa = PBXBuildFile; fileRef = BEAA9C7A1C8049AE00DD7EAD /* CategoryViewController.swift */; };
		BEAA9C7D1C8049AE00DD7EAD /* CategoryViewController.xib in Resources */ = {isa = PBXBuildFile; fileRef = BEAA9C7B1C8049AE00DD7EAD /* CategoryViewController.xib */; };
		BEAA9C821C804A3900DD7EAD /* CategoryCell.swift in Sources */ = {isa = PBXBuildFile; fileRef = BEAA9C801C804A3900DD7EAD /* CategoryCell.swift */; };
		BEAA9C831C804A3900DD7EAD /* CategoryCell.xib in Resources */ = {isa = PBXBuildFile; fileRef = BEAA9C811C804A3900DD7EAD /* CategoryCell.xib */; };
		BEAA9C851C80865E00DD7EAD /* GirlViewController.swift in Sources */ = {isa = PBXBuildFile; fileRef = BEAA9C841C80865E00DD7EAD /* GirlViewController.swift */; };
		BEB6B5A51C7F6771004C50F9 /* GankModel.swift in Sources */ = {isa = PBXBuildFile; fileRef = BEB6B5A41C7F6771004C50F9 /* GankModel.swift */; };
		BEC684761C42B3560036F73F /* GankHttpClient.swift in Sources */ = {isa = PBXBuildFile; fileRef = BEC684751C42B3560036F73F /* GankHttpClient.swift */; };
		BEEF9EAD1C3D3D6F00125F03 /* GankViewController.swift in Sources */ = {isa = PBXBuildFile; fileRef = BEEF9EAC1C3D3D6F00125F03 /* GankViewController.swift */; };
		FEDBE9D21A287E2E8EFFB4AA /* Pods_Gank_lu.framework in Frameworks */ = {isa = PBXBuildFile; fileRef = D28F4D072E067E5013C50BC2 /* Pods_Gank_lu.framework */; };
/* End PBXBuildFile section */

/* Begin PBXContainerItemProxy section */
		BE3078C51C38272500B007EA /* PBXContainerItemProxy */ = {
			isa = PBXContainerItemProxy;
			containerPortal = BE3078A81C38272500B007EA /* Project object */;
			proxyType = 1;
			remoteGlobalIDString = BE3078AF1C38272500B007EA;
			remoteInfo = Gank.lu;
		};
		BE3078D01C38272500B007EA /* PBXContainerItemProxy */ = {
			isa = PBXContainerItemProxy;
			containerPortal = BE3078A81C38272500B007EA /* Project object */;
			proxyType = 1;
			remoteGlobalIDString = BE3078AF1C38272500B007EA;
			remoteInfo = Gank.lu;
		};
/* End PBXContainerItemProxy section */

/* Begin PBXFileReference section */
		1B738C319521A4EC4231D580 /* Pods.release.xcconfig */ = {isa = PBXFileReference; includeInIndex = 1; lastKnownFileType = text.xcconfig; name = Pods.release.xcconfig; path = "Pods/Target Support Files/Pods/Pods.release.xcconfig"; sourceTree = "<group>"; };
		1EE357401CEEF31F0028D4D7 /* GoogleService-Info.plist */ = {isa = PBXFileReference; fileEncoding = 4; lastKnownFileType = text.plist.xml; path = "GoogleService-Info.plist"; sourceTree = "<group>"; };
		35A7F52EECB87B5E69D59509 /* Pods-Gank.lu.debug.xcconfig */ = {isa = PBXFileReference; includeInIndex = 1; lastKnownFileType = text.xcconfig; name = "Pods-Gank.lu.debug.xcconfig"; path = "Pods/Target Support Files/Pods-Gank.lu/Pods-Gank.lu.debug.xcconfig"; sourceTree = "<group>"; };
		8CDD4AD1C5DF42823A1B3660 /* Pods.debug.xcconfig */ = {isa = PBXFileReference; includeInIndex = 1; lastKnownFileType = text.xcconfig; name = Pods.debug.xcconfig; path = "Pods/Target Support Files/Pods/Pods.debug.xcconfig"; sourceTree = "<group>"; };
		BE0DDA821C796CAF00B369E0 /* BatteryViewController.swift */ = {isa = PBXFileReference; fileEncoding = 4; lastKnownFileType = sourcecode.swift; path = BatteryViewController.swift; sourceTree = "<group>"; };
		BE2F0ABF1C786D4A00A0CA63 /* Images.xcassets */ = {isa = PBXFileReference; lastKnownFileType = folder.assetcatalog; path = Images.xcassets; sourceTree = "<group>"; };
		BE2F0AC11C78740500A0CA63 /* AboutViewController.swift */ = {isa = PBXFileReference; fileEncoding = 4; lastKnownFileType = sourcecode.swift; path = AboutViewController.swift; sourceTree = "<group>"; };
		BE3078B01C38272500B007EA /* Gank.lu.app */ = {isa = PBXFileReference; explicitFileType = wrapper.application; includeInIndex = 0; path = Gank.lu.app; sourceTree = BUILT_PRODUCTS_DIR; };
		BE3078B31C38272500B007EA /* AppDelegate.swift */ = {isa = PBXFileReference; lastKnownFileType = sourcecode.swift; path = AppDelegate.swift; sourceTree = "<group>"; };
		BE3078B51C38272500B007EA /* ViewController.swift */ = {isa = PBXFileReference; lastKnownFileType = sourcecode.swift; path = ViewController.swift; sourceTree = "<group>"; };
		BE3078B81C38272500B007EA /* Base */ = {isa = PBXFileReference; lastKnownFileType = file.storyboard; name = Base; path = Base.lproj/Main.storyboard; sourceTree = "<group>"; };
		BE3078BD1C38272500B007EA /* Base */ = {isa = PBXFileReference; lastKnownFileType = file.storyboard; name = Base; path = Base.lproj/LaunchScreen.storyboard; sourceTree = "<group>"; };
		BE3078BF1C38272500B007EA /* Info.plist */ = {isa = PBXFileReference; lastKnownFileType = text.plist.xml; path = Info.plist; sourceTree = "<group>"; };
		BE3078C41C38272500B007EA /* Gank.luTests.xctest */ = {isa = PBXFileReference; explicitFileType = wrapper.cfbundle; includeInIndex = 0; path = Gank.luTests.xctest; sourceTree = BUILT_PRODUCTS_DIR; };
		BE3078C81C38272500B007EA /* Gank_luTests.swift */ = {isa = PBXFileReference; lastKnownFileType = sourcecode.swift; path = Gank_luTests.swift; sourceTree = "<group>"; };
		BE3078CA1C38272500B007EA /* Info.plist */ = {isa = PBXFileReference; lastKnownFileType = text.plist.xml; path = Info.plist; sourceTree = "<group>"; };
		BE3078CF1C38272500B007EA /* Gank.luUITests.xctest */ = {isa = PBXFileReference; explicitFileType = wrapper.cfbundle; includeInIndex = 0; path = Gank.luUITests.xctest; sourceTree = BUILT_PRODUCTS_DIR; };
		BE3078D31C38272500B007EA /* Gank_luUITests.swift */ = {isa = PBXFileReference; lastKnownFileType = sourcecode.swift; path = Gank_luUITests.swift; sourceTree = "<group>"; };
		BE3078D51C38272500B007EA /* Info.plist */ = {isa = PBXFileReference; lastKnownFileType = text.plist.xml; path = Info.plist; sourceTree = "<group>"; };
		BE30A24D1C7F49CB0072C1B2 /* BeautyCell.swift */ = {isa = PBXFileReference; fileEncoding = 4; lastKnownFileType = sourcecode.swift; path = BeautyCell.swift; sourceTree = "<group>"; };
		BE30A24E1C7F49CB0072C1B2 /* BeautyCell.xib */ = {isa = PBXFileReference; fileEncoding = 4; lastKnownFileType = file.xib; path = BeautyCell.xib; sourceTree = "<group>"; };
		BE424F751C70D76A00F57CDE /* Gank.lu-Bridging-Header.h */ = {isa = PBXFileReference; lastKnownFileType = sourcecode.c.h; path = "Gank.lu-Bridging-Header.h"; sourceTree = SOURCE_ROOT; };
		BEA575CC1C75765900696093 /* GankCell.swift */ = {isa = PBXFileReference; fileEncoding = 4; lastKnownFileType = sourcecode.swift; path = GankCell.swift; sourceTree = "<group>"; };
		BEA575CE1C75A22C00696093 /* DateUtil.swift */ = {isa = PBXFileReference; fileEncoding = 4; lastKnownFileType = sourcecode.swift; path = DateUtil.swift; sourceTree = "<group>"; };
		BEA575D11C75ADE600696093 /* ToastUtil.swift */ = {isa = PBXFileReference; fileEncoding = 4; lastKnownFileType = sourcecode.swift; path = ToastUtil.swift; sourceTree = "<group>"; };
		BEAA9C7A1C8049AE00DD7EAD /* CategoryViewController.swift */ = {isa = PBXFileReference; fileEncoding = 4; lastKnownFileType = sourcecode.swift; path = CategoryViewController.swift; sourceTree = "<group>"; };
		BEAA9C7B1C8049AE00DD7EAD /* CategoryViewController.xib */ = {isa = PBXFileReference; fileEncoding = 4; lastKnownFileType = file.xib; path = CategoryViewController.xib; sourceTree = "<group>"; };
		BEAA9C801C804A3900DD7EAD /* CategoryCell.swift */ = {isa = PBXFileReference; fileEncoding = 4; lastKnownFileType = sourcecode.swift; path = CategoryCell.swift; sourceTree = "<group>"; };
		BEAA9C811C804A3900DD7EAD /* CategoryCell.xib */ = {isa = PBXFileReference; fileEncoding = 4; lastKnownFileType = file.xib; path = CategoryCell.xib; sourceTree = "<group>"; };
		BEAA9C841C80865E00DD7EAD /* GirlViewController.swift */ = {isa = PBXFileReference; fileEncoding = 4; lastKnownFileType = sourcecode.swift; path = GirlViewController.swift; sourceTree = "<group>"; };
		BEB6B5A41C7F6771004C50F9 /* GankModel.swift */ = {isa = PBXFileReference; fileEncoding = 4; lastKnownFileType = sourcecode.swift; path = GankModel.swift; sourceTree = "<group>"; };
		BEC684751C42B3560036F73F /* GankHttpClient.swift */ = {isa = PBXFileReference; fileEncoding = 4; lastKnownFileType = sourcecode.swift; path = GankHttpClient.swift; sourceTree = "<group>"; };
		BEEF9EAC1C3D3D6F00125F03 /* GankViewController.swift */ = {isa = PBXFileReference; fileEncoding = 4; lastKnownFileType = sourcecode.swift; path = GankViewController.swift; sourceTree = "<group>"; };
		CA4513CF16E7299339BCDB9D /* Pods-Gank.lu.release.xcconfig */ = {isa = PBXFileReference; includeInIndex = 1; lastKnownFileType = text.xcconfig; name = "Pods-Gank.lu.release.xcconfig"; path = "Pods/Target Support Files/Pods-Gank.lu/Pods-Gank.lu.release.xcconfig"; sourceTree = "<group>"; };
		D28F4D072E067E5013C50BC2 /* Pods_Gank_lu.framework */ = {isa = PBXFileReference; explicitFileType = wrapper.framework; includeInIndex = 0; path = Pods_Gank_lu.framework; sourceTree = BUILT_PRODUCTS_DIR; };
/* End PBXFileReference section */

/* Begin PBXFrameworksBuildPhase section */
		BE3078AD1C38272500B007EA /* Frameworks */ = {
			isa = PBXFrameworksBuildPhase;
			buildActionMask = 2147483647;
			files = (
				FEDBE9D21A287E2E8EFFB4AA /* Pods_Gank_lu.framework in Frameworks */,
			);
			runOnlyForDeploymentPostprocessing = 0;
		};
		BE3078C11C38272500B007EA /* Frameworks */ = {
			isa = PBXFrameworksBuildPhase;
			buildActionMask = 2147483647;
			files = (
			);
			runOnlyForDeploymentPostprocessing = 0;
		};
		BE3078CC1C38272500B007EA /* Frameworks */ = {
			isa = PBXFrameworksBuildPhase;
			buildActionMask = 2147483647;
			files = (
			);
			runOnlyForDeploymentPostprocessing = 0;
		};
/* End PBXFrameworksBuildPhase section */

/* Begin PBXGroup section */
		4516832C8CCC85D1BF58E606 /* Pods */ = {
			isa = PBXGroup;
			children = (
				8CDD4AD1C5DF42823A1B3660 /* Pods.debug.xcconfig */,
				1B738C319521A4EC4231D580 /* Pods.release.xcconfig */,
				35A7F52EECB87B5E69D59509 /* Pods-Gank.lu.debug.xcconfig */,
				CA4513CF16E7299339BCDB9D /* Pods-Gank.lu.release.xcconfig */,
			);
			name = Pods;
			sourceTree = "<group>";
		};
		BE0DDA841C79870300B369E0 /* resources */ = {
			isa = PBXGroup;
			children = (
				BE3078B71C38272500B007EA /* Main.storyboard */,
				BE3078BC1C38272500B007EA /* LaunchScreen.storyboard */,
				BE3078BF1C38272500B007EA /* Info.plist */,
				BE2F0ABF1C786D4A00A0CA63 /* Images.xcassets */,
			);
			name = resources;
			sourceTree = "<group>";
		};
		BE3078A71C38272500B007EA = {
			isa = PBXGroup;
			children = (
				BE3078B21C38272500B007EA /* Gank.lu */,
				BE3078C71C38272500B007EA /* Gank.luTests */,
				BE3078D21C38272500B007EA /* Gank.luUITests */,
				BE3078B11C38272500B007EA /* Products */,
				4516832C8CCC85D1BF58E606 /* Pods */,
				C3E44B280380C4F6AD391E68 /* Frameworks */,
			);
			sourceTree = "<group>";
		};
		BE3078B11C38272500B007EA /* Products */ = {
			isa = PBXGroup;
			children = (
				BE3078B01C38272500B007EA /* Gank.lu.app */,
				BE3078C41C38272500B007EA /* Gank.luTests.xctest */,
				BE3078CF1C38272500B007EA /* Gank.luUITests.xctest */,
			);
			name = Products;
			sourceTree = "<group>";
		};
		BE3078B21C38272500B007EA /* Gank.lu */ = {
			isa = PBXGroup;
			children = (
				BE424F751C70D76A00F57CDE /* Gank.lu-Bridging-Header.h */,
				BE3078B31C38272500B007EA /* AppDelegate.swift */,
				BEC684751C42B3560036F73F /* GankHttpClient.swift */,
				BEB6B5A41C7F6771004C50F9 /* GankModel.swift */,
				1EE357401CEEF31F0028D4D7 /* GoogleService-Info.plist */,
				BEA575D01C75A23800696093 /* utils */,
				BEC684741C42B3010036F73F /* UIControllers */,
				BEEF9EB01C3D42F900125F03 /* cells */,
				BE0DDA841C79870300B369E0 /* resources */,
			);
			path = Gank.lu;
			sourceTree = "<group>";
		};
		BE3078C71C38272500B007EA /* Gank.luTests */ = {
			isa = PBXGroup;
			children = (
				BE3078C81C38272500B007EA /* Gank_luTests.swift */,
				BE3078CA1C38272500B007EA /* Info.plist */,
			);
			path = Gank.luTests;
			sourceTree = "<group>";
		};
		BE3078D21C38272500B007EA /* Gank.luUITests */ = {
			isa = PBXGroup;
			children = (
				BE3078D31C38272500B007EA /* Gank_luUITests.swift */,
				BE3078D51C38272500B007EA /* Info.plist */,
			);
			path = Gank.luUITests;
			sourceTree = "<group>";
		};
		BEA575D01C75A23800696093 /* utils */ = {
			isa = PBXGroup;
			children = (
				BEA575CE1C75A22C00696093 /* DateUtil.swift */,
				BEA575D11C75ADE600696093 /* ToastUtil.swift */,
			);
			name = utils;
			sourceTree = "<group>";
		};
		BEC684741C42B3010036F73F /* UIControllers */ = {
			isa = PBXGroup;
			children = (
				BE3078B51C38272500B007EA /* ViewController.swift */,
				BEEF9EAC1C3D3D6F00125F03 /* GankViewController.swift */,
				BE2F0AC11C78740500A0CA63 /* AboutViewController.swift */,
				BE0DDA821C796CAF00B369E0 /* BatteryViewController.swift */,
				BEAA9C7A1C8049AE00DD7EAD /* CategoryViewController.swift */,
				BEAA9C841C80865E00DD7EAD /* GirlViewController.swift */,
				BEAA9C7B1C8049AE00DD7EAD /* CategoryViewController.xib */,
			);
			name = UIControllers;
			sourceTree = "<group>";
		};
		BEEF9EB01C3D42F900125F03 /* cells */ = {
			isa = PBXGroup;
			children = (
				BEA575CC1C75765900696093 /* GankCell.swift */,
				BE30A24D1C7F49CB0072C1B2 /* BeautyCell.swift */,
				BE30A24E1C7F49CB0072C1B2 /* BeautyCell.xib */,
				BEAA9C801C804A3900DD7EAD /* CategoryCell.swift */,
				BEAA9C811C804A3900DD7EAD /* CategoryCell.xib */,
			);
			name = cells;
			sourceTree = "<group>";
		};
		C3E44B280380C4F6AD391E68 /* Frameworks */ = {
			isa = PBXGroup;
			children = (
				D28F4D072E067E5013C50BC2 /* Pods_Gank_lu.framework */,
			);
			name = Frameworks;
			sourceTree = "<group>";
		};
/* End PBXGroup section */

/* Begin PBXNativeTarget section */
		BE3078AF1C38272500B007EA /* Gank.lu */ = {
			isa = PBXNativeTarget;
			buildConfigurationList = BE3078D81C38272500B007EA /* Build configuration list for PBXNativeTarget "Gank.lu" */;
			buildPhases = (
				C6C1FF9A9AA95837A3FFC627 /* Check Pods Manifest.lock */,
				BE3078AC1C38272500B007EA /* Sources */,
				BE3078AD1C38272500B007EA /* Frameworks */,
				BE3078AE1C38272500B007EA /* Resources */,
				C7352F21A16693FCA7116475 /* Embed Pods Frameworks */,
				5E254A5758DB2B0F4A2BC480 /* Copy Pods Resources */,
			);
			buildRules = (
			);
			dependencies = (
			);
			name = Gank.lu;
			productName = Gank.lu;
			productReference = BE3078B01C38272500B007EA /* Gank.lu.app */;
			productType = "com.apple.product-type.application";
		};
		BE3078C31C38272500B007EA /* Gank.luTests */ = {
			isa = PBXNativeTarget;
			buildConfigurationList = BE3078DB1C38272500B007EA /* Build configuration list for PBXNativeTarget "Gank.luTests" */;
			buildPhases = (
				BE3078C01C38272500B007EA /* Sources */,
				BE3078C11C38272500B007EA /* Frameworks */,
				BE3078C21C38272500B007EA /* Resources */,
			);
			buildRules = (
			);
			dependencies = (
				BE3078C61C38272500B007EA /* PBXTargetDependency */,
			);
			name = Gank.luTests;
			productName = Gank.luTests;
			productReference = BE3078C41C38272500B007EA /* Gank.luTests.xctest */;
			productType = "com.apple.product-type.bundle.unit-test";
		};
		BE3078CE1C38272500B007EA /* Gank.luUITests */ = {
			isa = PBXNativeTarget;
			buildConfigurationList = BE3078DE1C38272500B007EA /* Build configuration list for PBXNativeTarget "Gank.luUITests" */;
			buildPhases = (
				BE3078CB1C38272500B007EA /* Sources */,
				BE3078CC1C38272500B007EA /* Frameworks */,
				BE3078CD1C38272500B007EA /* Resources */,
			);
			buildRules = (
			);
			dependencies = (
				BE3078D11C38272500B007EA /* PBXTargetDependency */,
			);
			name = Gank.luUITests;
			productName = Gank.luUITests;
			productReference = BE3078CF1C38272500B007EA /* Gank.luUITests.xctest */;
			productType = "com.apple.product-type.bundle.ui-testing";
		};
/* End PBXNativeTarget section */

/* Begin PBXProject section */
		BE3078A81C38272500B007EA /* Project object */ = {
			isa = PBXProject;
			attributes = {
				LastSwiftUpdateCheck = 0720;
				LastUpgradeCheck = 0720;
				ORGANIZATIONNAME = smartalker;
				TargetAttributes = {
					BE3078AF1C38272500B007EA = {
						CreatedOnToolsVersion = 7.2;
						DevelopmentTeam = BG63VCU95W;
					};
					BE3078C31C38272500B007EA = {
						CreatedOnToolsVersion = 7.2;
						DevelopmentTeam = BG63VCU95W;
						TestTargetID = BE3078AF1C38272500B007EA;
					};
					BE3078CE1C38272500B007EA = {
						CreatedOnToolsVersion = 7.2;
						DevelopmentTeam = BG63VCU95W;
						TestTargetID = BE3078AF1C38272500B007EA;
					};
				};
			};
			buildConfigurationList = BE3078AB1C38272500B007EA /* Build configuration list for PBXProject "Gank.lu" */;
			compatibilityVersion = "Xcode 3.2";
			developmentRegion = English;
			hasScannedForEncodings = 0;
			knownRegions = (
				en,
				Base,
			);
			mainGroup = BE3078A71C38272500B007EA;
			productRefGroup = BE3078B11C38272500B007EA /* Products */;
			projectDirPath = "";
			projectRoot = "";
			targets = (
				BE3078AF1C38272500B007EA /* Gank.lu */,
				BE3078C31C38272500B007EA /* Gank.luTests */,
				BE3078CE1C38272500B007EA /* Gank.luUITests */,
			);
		};
/* End PBXProject section */

/* Begin PBXResourcesBuildPhase section */
		BE3078AE1C38272500B007EA /* Resources */ = {
			isa = PBXResourcesBuildPhase;
			buildActionMask = 2147483647;
			files = (
				BE2F0AC01C786D4A00A0CA63 /* Images.xcassets in Resources */,
				BEAA9C831C804A3900DD7EAD /* CategoryCell.xib in Resources */,
				BE30A2501C7F49CB0072C1B2 /* BeautyCell.xib in Resources */,
				BE3078BE1C38272500B007EA /* LaunchScreen.storyboard in Resources */,
				BEAA9C7D1C8049AE00DD7EAD /* CategoryViewController.xib in Resources */,
				BE3078B91C38272500B007EA /* Main.storyboard in Resources */,
				1EE357411CEEF31F0028D4D7 /* GoogleService-Info.plist in Resources */,
			);
			runOnlyForDeploymentPostprocessing = 0;
		};
		BE3078C21C38272500B007EA /* Resources */ = {
			isa = PBXResourcesBuildPhase;
			buildActionMask = 2147483647;
			files = (
			);
			runOnlyForDeploymentPostprocessing = 0;
		};
		BE3078CD1C38272500B007EA /* Resources */ = {
			isa = PBXResourcesBuildPhase;
			buildActionMask = 2147483647;
			files = (
			);
			runOnlyForDeploymentPostprocessing = 0;
		};
/* End PBXResourcesBuildPhase section */

/* Begin PBXShellScriptBuildPhase section */
		5E254A5758DB2B0F4A2BC480 /* Copy Pods Resources */ = {
			isa = PBXShellScriptBuildPhase;
			buildActionMask = 2147483647;
			files = (
			);
			inputPaths = (
			);
			name = "Copy Pods Resources";
			outputPaths = (
			);
			runOnlyForDeploymentPostprocessing = 0;
			shellPath = /bin/sh;
			shellScript = "\"${SRCROOT}/Pods/Target Support Files/Pods-Gank.lu/Pods-Gank.lu-resources.sh\"\n";
			showEnvVarsInLog = 0;
		};
		C6C1FF9A9AA95837A3FFC627 /* Check Pods Manifest.lock */ = {
			isa = PBXShellScriptBuildPhase;
			buildActionMask = 2147483647;
			files = (
			);
			inputPaths = (
			);
			name = "Check Pods Manifest.lock";
			outputPaths = (
			);
			runOnlyForDeploymentPostprocessing = 0;
			shellPath = /bin/sh;
			shellScript = "diff \"${PODS_ROOT}/../Podfile.lock\" \"${PODS_ROOT}/Manifest.lock\" > /dev/null\nif [[ $? != 0 ]] ; then\n    cat << EOM\nerror: The sandbox is not in sync with the Podfile.lock. Run 'pod install' or update your CocoaPods installation.\nEOM\n    exit 1\nfi\n";
			showEnvVarsInLog = 0;
		};
		C7352F21A16693FCA7116475 /* Embed Pods Frameworks */ = {
			isa = PBXShellScriptBuildPhase;
			buildActionMask = 2147483647;
			files = (
			);
			inputPaths = (
			);
			name = "Embed Pods Frameworks";
			outputPaths = (
			);
			runOnlyForDeploymentPostprocessing = 0;
			shellPath = /bin/sh;
			shellScript = "\"${SRCROOT}/Pods/Target Support Files/Pods-Gank.lu/Pods-Gank.lu-frameworks.sh\"\n";
			showEnvVarsInLog = 0;
		};
/* End PBXShellScriptBuildPhase section */

/* Begin PBXSourcesBuildPhase section */
		BE3078AC1C38272500B007EA /* Sources */ = {
			isa = PBXSourcesBuildPhase;
			buildActionMask = 2147483647;
			files = (
				BEB6B5A51C7F6771004C50F9 /* GankModel.swift in Sources */,
				BEAA9C7C1C8049AE00DD7EAD /* CategoryViewController.swift in Sources */,
				BEC684761C42B3560036F73F /* GankHttpClient.swift in Sources */,
				BEAA9C821C804A3900DD7EAD /* CategoryCell.swift in Sources */,
				BE0DDA831C796CAF00B369E0 /* BatteryViewController.swift in Sources */,
				BE3078B61C38272500B007EA /* ViewController.swift in Sources */,
				BEEF9EAD1C3D3D6F00125F03 /* GankViewController.swift in Sources */,
				BEA575D21C75ADE600696093 /* ToastUtil.swift in Sources */,
				BE3078B41C38272500B007EA /* AppDelegate.swift in Sources */,
				BEA575CF1C75A22C00696093 /* DateUtil.swift in Sources */,
				BE30A24F1C7F49CB0072C1B2 /* BeautyCell.swift in Sources */,
				BE2F0AC21C78740500A0CA63 /* AboutViewController.swift in Sources */,
				BEA575CD1C75765900696093 /* GankCell.swift in Sources */,
				BEAA9C851C80865E00DD7EAD /* GirlViewController.swift in Sources */,
			);
			runOnlyForDeploymentPostprocessing = 0;
		};
		BE3078C01C38272500B007EA /* Sources */ = {
			isa = PBXSourcesBuildPhase;
			buildActionMask = 2147483647;
			files = (
				BE3078C91C38272500B007EA /* Gank_luTests.swift in Sources */,
			);
			runOnlyForDeploymentPostprocessing = 0;
		};
		BE3078CB1C38272500B007EA /* Sources */ = {
			isa = PBXSourcesBuildPhase;
			buildActionMask = 2147483647;
			files = (
				BE3078D41C38272500B007EA /* Gank_luUITests.swift in Sources */,
			);
			runOnlyForDeploymentPostprocessing = 0;
		};
/* End PBXSourcesBuildPhase section */

/* Begin PBXTargetDependency section */
		BE3078C61C38272500B007EA /* PBXTargetDependency */ = {
			isa = PBXTargetDependency;
			target = BE3078AF1C38272500B007EA /* Gank.lu */;
			targetProxy = BE3078C51C38272500B007EA /* PBXContainerItemProxy */;
		};
		BE3078D11C38272500B007EA /* PBXTargetDependency */ = {
			isa = PBXTargetDependency;
			target = BE3078AF1C38272500B007EA /* Gank.lu */;
			targetProxy = BE3078D01C38272500B007EA /* PBXContainerItemProxy */;
		};
/* End PBXTargetDependency section */

/* Begin PBXVariantGroup section */
		BE3078B71C38272500B007EA /* Main.storyboard */ = {
			isa = PBXVariantGroup;
			children = (
				BE3078B81C38272500B007EA /* Base */,
			);
			name = Main.storyboard;
			sourceTree = "<group>";
		};
		BE3078BC1C38272500B007EA /* LaunchScreen.storyboard */ = {
			isa = PBXVariantGroup;
			children = (
				BE3078BD1C38272500B007EA /* Base */,
			);
			name = LaunchScreen.storyboard;
			sourceTree = "<group>";
		};
/* End PBXVariantGroup section */

/* Begin XCBuildConfiguration section */
		BE3078D61C38272500B007EA /* Debug */ = {
			isa = XCBuildConfiguration;
			buildSettings = {
				ALWAYS_SEARCH_USER_PATHS = NO;
				CLANG_CXX_LANGUAGE_STANDARD = "gnu++0x";
				CLANG_CXX_LIBRARY = "libc++";
				CLANG_ENABLE_MODULES = YES;
				CLANG_ENABLE_OBJC_ARC = YES;
				CLANG_WARN_BOOL_CONVERSION = YES;
				CLANG_WARN_CONSTANT_CONVERSION = YES;
				CLANG_WARN_DIRECT_OBJC_ISA_USAGE = YES_ERROR;
				CLANG_WARN_EMPTY_BODY = YES;
				CLANG_WARN_ENUM_CONVERSION = YES;
				CLANG_WARN_INT_CONVERSION = YES;
				CLANG_WARN_OBJC_ROOT_CLASS = YES_ERROR;
				CLANG_WARN_UNREACHABLE_CODE = YES;
				CLANG_WARN__DUPLICATE_METHOD_MATCH = YES;
				"CODE_SIGN_IDENTITY[sdk=iphoneos*]" = "iPhone Developer";
				COPY_PHASE_STRIP = NO;
				DEBUG_INFORMATION_FORMAT = dwarf;
				ENABLE_STRICT_OBJC_MSGSEND = YES;
				ENABLE_TESTABILITY = YES;
				GCC_C_LANGUAGE_STANDARD = gnu99;
				GCC_DYNAMIC_NO_PIC = NO;
				GCC_NO_COMMON_BLOCKS = YES;
				GCC_OPTIMIZATION_LEVEL = 0;
				GCC_PREPROCESSOR_DEFINITIONS = (
					"DEBUG=1",
					"$(inherited)",
				);
				GCC_WARN_64_TO_32_BIT_CONVERSION = YES;
				GCC_WARN_ABOUT_RETURN_TYPE = YES_ERROR;
				GCC_WARN_UNDECLARED_SELECTOR = YES;
				GCC_WARN_UNINITIALIZED_AUTOS = YES_AGGRESSIVE;
				GCC_WARN_UNUSED_FUNCTION = YES;
				GCC_WARN_UNUSED_VARIABLE = YES;
				IPHONEOS_DEPLOYMENT_TARGET = 9.3;
				MTL_ENABLE_DEBUG_INFO = YES;
				ONLY_ACTIVE_ARCH = YES;
				SDKROOT = iphoneos;
				SWIFT_OPTIMIZATION_LEVEL = "-Onone";
				TARGETED_DEVICE_FAMILY = "1,2";
			};
			name = Debug;
		};
		BE3078D71C38272500B007EA /* Release */ = {
			isa = XCBuildConfiguration;
			buildSettings = {
				ALWAYS_SEARCH_USER_PATHS = NO;
				CLANG_CXX_LANGUAGE_STANDARD = "gnu++0x";
				CLANG_CXX_LIBRARY = "libc++";
				CLANG_ENABLE_MODULES = YES;
				CLANG_ENABLE_OBJC_ARC = YES;
				CLANG_WARN_BOOL_CONVERSION = YES;
				CLANG_WARN_CONSTANT_CONVERSION = YES;
				CLANG_WARN_DIRECT_OBJC_ISA_USAGE = YES_ERROR;
				CLANG_WARN_EMPTY_BODY = YES;
				CLANG_WARN_ENUM_CONVERSION = YES;
				CLANG_WARN_INT_CONVERSION = YES;
				CLANG_WARN_OBJC_ROOT_CLASS = YES_ERROR;
				CLANG_WARN_UNREACHABLE_CODE = YES;
				CLANG_WARN__DUPLICATE_METHOD_MATCH = YES;
				"CODE_SIGN_IDENTITY[sdk=iphoneos*]" = "iPhone Developer";
				COPY_PHASE_STRIP = NO;
				DEBUG_INFORMATION_FORMAT = "dwarf-with-dsym";
				ENABLE_NS_ASSERTIONS = NO;
				ENABLE_STRICT_OBJC_MSGSEND = YES;
				GCC_C_LANGUAGE_STANDARD = gnu99;
				GCC_NO_COMMON_BLOCKS = YES;
				GCC_WARN_64_TO_32_BIT_CONVERSION = YES;
				GCC_WARN_ABOUT_RETURN_TYPE = YES_ERROR;
				GCC_WARN_UNDECLARED_SELECTOR = YES;
				GCC_WARN_UNINITIALIZED_AUTOS = YES_AGGRESSIVE;
				GCC_WARN_UNUSED_FUNCTION = YES;
				GCC_WARN_UNUSED_VARIABLE = YES;
				IPHONEOS_DEPLOYMENT_TARGET = 9.3;
				MTL_ENABLE_DEBUG_INFO = NO;
				SDKROOT = iphoneos;
				TARGETED_DEVICE_FAMILY = "1,2";
				VALIDATE_PRODUCT = YES;
			};
			name = Release;
		};
		BE3078D91C38272500B007EA /* Debug */ = {
			isa = XCBuildConfiguration;
			baseConfigurationReference = 35A7F52EECB87B5E69D59509 /* Pods-Gank.lu.debug.xcconfig */;
			buildSettings = {
				ASSETCATALOG_COMPILER_APPICON_NAME = AppIcon;
				CLANG_ENABLE_MODULES = YES;
				CODE_SIGN_IDENTITY = "iPhone Developer";
				INFOPLIST_FILE = Gank.lu/Info.plist;
				LD_RUNPATH_SEARCH_PATHS = "$(inherited) @executable_path/Frameworks";
				PRODUCT_BUNDLE_IDENTIFIER = "com.smartalker.Gank-lu";
				PRODUCT_NAME = "$(TARGET_NAME)";
				SWIFT_OBJC_BRIDGING_HEADER = "Gank.lu-Bridging-Header.h";
				SWIFT_OPTIMIZATION_LEVEL = "-Onone";
			};
			name = Debug;
		};
		BE3078DA1C38272500B007EA /* Release */ = {
			isa = XCBuildConfiguration;
			baseConfigurationReference = CA4513CF16E7299339BCDB9D /* Pods-Gank.lu.release.xcconfig */;
			buildSettings = {
				ASSETCATALOG_COMPILER_APPICON_NAME = AppIcon;
				CLANG_ENABLE_MODULES = YES;
				CODE_SIGN_IDENTITY = "iPhone Developer";
				INFOPLIST_FILE = Gank.lu/Info.plist;
				LD_RUNPATH_SEARCH_PATHS = "$(inherited) @executable_path/Frameworks";
				PRODUCT_BUNDLE_IDENTIFIER = "com.smartalker.Gank-lu";
				PRODUCT_NAME = "$(TARGET_NAME)";
				SWIFT_OBJC_BRIDGING_HEADER = "Gank.lu-Bridging-Header.h";
			};
			name = Release;
		};
		BE3078DC1C38272500B007EA /* Debug */ = {
			isa = XCBuildConfiguration;
			buildSettings = {
				BUNDLE_LOADER = "$(TEST_HOST)";
				INFOPLIST_FILE = Gank.luTests/Info.plist;
				LD_RUNPATH_SEARCH_PATHS = "$(inherited) @executable_path/Frameworks @loader_path/Frameworks";
				PRODUCT_BUNDLE_IDENTIFIER = "com.smartalker.Gank-luTests";
				PRODUCT_NAME = "$(TARGET_NAME)";
				TEST_HOST = "$(BUILT_PRODUCTS_DIR)/Gank.lu.app/Gank.lu";
			};
			name = Debug;
		};
		BE3078DD1C38272500B007EA /* Release */ = {
			isa = XCBuildConfiguration;
			buildSettings = {
				BUNDLE_LOADER = "$(TEST_HOST)";
				INFOPLIST_FILE = Gank.luTests/Info.plist;
				LD_RUNPATH_SEARCH_PATHS = "$(inherited) @executable_path/Frameworks @loader_path/Frameworks";
				PRODUCT_BUNDLE_IDENTIFIER = "com.smartalker.Gank-luTests";
				PRODUCT_NAME = "$(TARGET_NAME)";
				TEST_HOST = "$(BUILT_PRODUCTS_DIR)/Gank.lu.app/Gank.lu";
			};
			name = Release;
		};
		BE3078DF1C38272500B007EA /* Debug */ = {
			isa = XCBuildConfiguration;
			buildSettings = {
				INFOPLIST_FILE = Gank.luUITests/Info.plist;
				LD_RUNPATH_SEARCH_PATHS = "$(inherited) @executable_path/Frameworks @loader_path/Frameworks";
				PRODUCT_BUNDLE_IDENTIFIER = "com.smartalker.Gank-luUITests";
				PRODUCT_NAME = "$(TARGET_NAME)";
				TEST_TARGET_NAME = Gank.lu;
				USES_XCTRUNNER = YES;
			};
			name = Debug;
		};
		BE3078E01C38272500B007EA /* Release */ = {
			isa = XCBuildConfiguration;
			buildSettings = {
				INFOPLIST_FILE = Gank.luUITests/Info.plist;
				LD_RUNPATH_SEARCH_PATHS = "$(inherited) @executable_path/Frameworks @loader_path/Frameworks";
				PRODUCT_BUNDLE_IDENTIFIER = "com.smartalker.Gank-luUITests";
				PRODUCT_NAME = "$(TARGET_NAME)";
				TEST_TARGET_NAME = Gank.lu;
				USES_XCTRUNNER = YES;
			};
			name = Release;
		};
/* End XCBuildConfiguration section */

/* Begin XCConfigurationList section */
		BE3078AB1C38272500B007EA /* Build configuration list for PBXProject "Gank.lu" */ = {
			isa = XCConfigurationList;
			buildConfigurations = (
				BE3078D61C38272500B007EA /* Debug */,
				BE3078D71C38272500B007EA /* Release */,
			);
			defaultConfigurationIsVisible = 0;
			defaultConfigurationName = Release;
		};
		BE3078D81C38272500B007EA /* Build configuration list for PBXNativeTarget "Gank.lu" */ = {
			isa = XCConfigurationList;
			buildConfigurations = (
				BE3078D91C38272500B007EA /* Debug */,
				BE3078DA1C38272500B007EA /* Release */,
			);
			defaultConfigurationIsVisible = 0;
			defaultConfigurationName = Release;
		};
		BE3078DB1C38272500B007EA /* Build configuration list for PBXNativeTarget "Gank.luTests" */ = {
			isa = XCConfigurationList;
			buildConfigurations = (
				BE3078DC1C38272500B007EA /* Debug */,
				BE3078DD1C38272500B007EA /* Release */,
			);
			defaultConfigurationIsVisible = 0;
			defaultConfigurationName = Release;
		};
		BE3078DE1C38272500B007EA /* Build configuration list for PBXNativeTarget "Gank.luUITests" */ = {
			isa = XCConfigurationList;
			buildConfigurations = (
				BE3078DF1C38272500B007EA /* Debug */,
				BE3078E01C38272500B007EA /* Release */,
			);
			defaultConfigurationIsVisible = 0;
			defaultConfigurationName = Release;
		};
/* End XCConfigurationList section */
	};
	rootObject = BE3078A81C38272500B007EA /* Project object */;
}
